// !$*UTF8*$!
{
	archiveVersion = 1;
	classes = {
	};
	objectVersion = 50;
	objects = {

/* Begin PBXBuildFile section */
		97A4582427427AA200ABAC56 /* AppDelegate.swift in Sources */ = {isa = PBXBuildFile; fileRef = 97A4582327427AA200ABAC56 /* AppDelegate.swift */; };
		97A4582627427AA200ABAC56 /* SceneDelegate.swift in Sources */ = {isa = PBXBuildFile; fileRef = 97A4582527427AA200ABAC56 /* SceneDelegate.swift */; };
		97A4582827427AA200ABAC56 /* ViewController.swift in Sources */ = {isa = PBXBuildFile; fileRef = 97A4582727427AA200ABAC56 /* ViewController.swift */; };
		97A4582B27427AA200ABAC56 /* Main.storyboard in Resources */ = {isa = PBXBuildFile; fileRef = 97A4582927427AA200ABAC56 /* Main.storyboard */; };
		97A4582D27427AA300ABAC56 /* Assets.xcassets in Resources */ = {isa = PBXBuildFile; fileRef = 97A4582C27427AA300ABAC56 /* Assets.xcassets */; };
		97A4583027427AA300ABAC56 /* LaunchScreen.storyboard in Resources */ = {isa = PBXBuildFile; fileRef = 97A4582E27427AA300ABAC56 /* LaunchScreen.storyboard */; };
		97A4583B27427AA400ABAC56 /* videoPinchCropTests.swift in Sources */ = {isa = PBXBuildFile; fileRef = 97A4583A27427AA400ABAC56 /* videoPinchCropTests.swift */; };
		97A4584627427AA400ABAC56 /* videoPinchCropUITests.swift in Sources */ = {isa = PBXBuildFile; fileRef = 97A4584527427AA400ABAC56 /* videoPinchCropUITests.swift */; };
		97A458572742A86000ABAC56 /* cropIMG.swift in Sources */ = {isa = PBXBuildFile; fileRef = 97A458562742A86000ABAC56 /* cropIMG.swift */; };
		97DCD3E02743AE8E00EE426F /* CropMaskView.swift in Sources */ = {isa = PBXBuildFile; fileRef = 97DCD3DD2743AE8E00EE426F /* CropMaskView.swift */; };
		97DCD3E12743AE8E00EE426F /* VideoCropView.swift in Sources */ = {isa = PBXBuildFile; fileRef = 97DCD3DE2743AE8E00EE426F /* VideoCropView.swift */; };
		97DCD3E22743AE8E00EE426F /* VideoScrollView.swift in Sources */ = {isa = PBXBuildFile; fileRef = 97DCD3DF2743AE8E00EE426F /* VideoScrollView.swift */; };
		97DCD3E42743AEE400EE426F /* assetSelect.swift in Sources */ = {isa = PBXBuildFile; fileRef = 97DCD3E32743AEE400EE426F /* assetSelect.swift */; };
/* End PBXBuildFile section */

/* Begin PBXContainerItemProxy section */
		97A4583727427AA400ABAC56 /* PBXContainerItemProxy */ = {
			isa = PBXContainerItemProxy;
			containerPortal = 97A4581827427AA200ABAC56 /* Project object */;
			proxyType = 1;
			remoteGlobalIDString = 97A4581F27427AA200ABAC56;
			remoteInfo = videoPinchCrop;
		};
		97A4584227427AA400ABAC56 /* PBXContainerItemProxy */ = {
			isa = PBXContainerItemProxy;
			containerPortal = 97A4581827427AA200ABAC56 /* Project object */;
			proxyType = 1;
			remoteGlobalIDString = 97A4581F27427AA200ABAC56;
			remoteInfo = videoPinchCrop;
		};
/* End PBXContainerItemProxy section */

/* Begin PBXFileReference section */
		97A4582027427AA200ABAC56 /* videoPinchCrop.app */ = {isa = PBXFileReference; explicitFileType = wrapper.application; includeInIndex = 0; path = videoPinchCrop.app; sourceTree = BUILT_PRODUCTS_DIR; };
		97A4582327427AA200ABAC56 /* AppDelegate.swift */ = {isa = PBXFileReference; lastKnownFileType = sourcecode.swift; path = AppDelegate.swift; sourceTree = "<group>"; };
		97A4582527427AA200ABAC56 /* SceneDelegate.swift */ = {isa = PBXFileReference; lastKnownFileType = sourcecode.swift; path = SceneDelegate.swift; sourceTree = "<group>"; };
		97A4582727427AA200ABAC56 /* ViewController.swift */ = {isa = PBXFileReference; lastKnownFileType = sourcecode.swift; path = ViewController.swift; sourceTree = "<group>"; };
		97A4582A27427AA200ABAC56 /* Base */ = {isa = PBXFileReference; lastKnownFileType = file.storyboard; name = Base; path = Base.lproj/Main.storyboard; sourceTree = "<group>"; };
		97A4582C27427AA300ABAC56 /* Assets.xcassets */ = {isa = PBXFileReference; lastKnownFileType = folder.assetcatalog; path = Assets.xcassets; sourceTree = "<group>"; };
		97A4582F27427AA300ABAC56 /* Base */ = {isa = PBXFileReference; lastKnownFileType = file.storyboard; name = Base; path = Base.lproj/LaunchScreen.storyboard; sourceTree = "<group>"; };
		97A4583127427AA300ABAC56 /* Info.plist */ = {isa = PBXFileReference; lastKnownFileType = text.plist.xml; path = Info.plist; sourceTree = "<group>"; };
		97A4583627427AA400ABAC56 /* videoPinchCropTests.xctest */ = {isa = PBXFileReference; explicitFileType = wrapper.cfbundle; includeInIndex = 0; path = videoPinchCropTests.xctest; sourceTree = BUILT_PRODUCTS_DIR; };
		97A4583A27427AA400ABAC56 /* videoPinchCropTests.swift */ = {isa = PBXFileReference; lastKnownFileType = sourcecode.swift; path = videoPinchCropTests.swift; sourceTree = "<group>"; };
		97A4583C27427AA400ABAC56 /* Info.plist */ = {isa = PBXFileReference; lastKnownFileType = text.plist.xml; path = Info.plist; sourceTree = "<group>"; };
		97A4584127427AA400ABAC56 /* videoPinchCropUITests.xctest */ = {isa = PBXFileReference; explicitFileType = wrapper.cfbundle; includeInIndex = 0; path = videoPinchCropUITests.xctest; sourceTree = BUILT_PRODUCTS_DIR; };
		97A4584527427AA400ABAC56 /* videoPinchCropUITests.swift */ = {isa = PBXFileReference; lastKnownFileType = sourcecode.swift; path = videoPinchCropUITests.swift; sourceTree = "<group>"; };
		97A4584727427AA400ABAC56 /* Info.plist */ = {isa = PBXFileReference; lastKnownFileType = text.plist.xml; path = Info.plist; sourceTree = "<group>"; };
		97A458562742A86000ABAC56 /* cropIMG.swift */ = {isa = PBXFileReference; lastKnownFileType = sourcecode.swift; path = cropIMG.swift; sourceTree = "<group>"; };
		97DCD3DD2743AE8E00EE426F /* CropMaskView.swift */ = {isa = PBXFileReference; fileEncoding = 4; lastKnownFileType = sourcecode.swift; path = CropMaskView.swift; sourceTree = "<group>"; };
		97DCD3DE2743AE8E00EE426F /* VideoCropView.swift */ = {isa = PBXFileReference; fileEncoding = 4; lastKnownFileType = sourcecode.swift; path = VideoCropView.swift; sourceTree = "<group>"; };
		97DCD3DF2743AE8E00EE426F /* VideoScrollView.swift */ = {isa = PBXFileReference; fileEncoding = 4; lastKnownFileType = sourcecode.swift; path = VideoScrollView.swift; sourceTree = "<group>"; };
		97DCD3E32743AEE400EE426F /* assetSelect.swift */ = {isa = PBXFileReference; lastKnownFileType = sourcecode.swift; path = assetSelect.swift; sourceTree = "<group>"; };
/* End PBXFileReference section */

/* Begin PBXFrameworksBuildPhase section */
		97A4581D27427AA200ABAC56 /* Frameworks */ = {
			isa = PBXFrameworksBuildPhase;
			buildActionMask = 2147483647;
			files = (
			);
			runOnlyForDeploymentPostprocessing = 0;
		};
		97A4583327427AA400ABAC56 /* Frameworks */ = {
			isa = PBXFrameworksBuildPhase;
			buildActionMask = 2147483647;
			files = (
			);
			runOnlyForDeploymentPostprocessing = 0;
		};
		97A4583E27427AA400ABAC56 /* Frameworks */ = {
			isa = PBXFrameworksBuildPhase;
			buildActionMask = 2147483647;
			files = (
			);
			runOnlyForDeploymentPostprocessing = 0;
		};
/* End PBXFrameworksBuildPhase section */

/* Begin PBXGroup section */
		97A4581727427AA200ABAC56 = {
			isa = PBXGroup;
			children = (
				97A4582227427AA200ABAC56 /* videoPinchCrop */,
				97A4583927427AA400ABAC56 /* videoPinchCropTests */,
				97A4584427427AA400ABAC56 /* videoPinchCropUITests */,
				97A4582127427AA200ABAC56 /* Products */,
			);
			sourceTree = "<group>";
		};
		97A4582127427AA200ABAC56 /* Products */ = {
			isa = PBXGroup;
			children = (
				97A4582027427AA200ABAC56 /* videoPinchCrop.app */,
				97A4583627427AA400ABAC56 /* videoPinchCropTests.xctest */,
				97A4584127427AA400ABAC56 /* videoPinchCropUITests.xctest */,
			);
			name = Products;
			sourceTree = "<group>";
		};
		97A4582227427AA200ABAC56 /* videoPinchCrop */ = {
			isa = PBXGroup;
			children = (
				97A45853274292F600ABAC56 /* Custom Pangesture */,
				97A4582327427AA200ABAC56 /* AppDelegate.swift */,
				97A4582527427AA200ABAC56 /* SceneDelegate.swift */,
				97A4582727427AA200ABAC56 /* ViewController.swift */,
				97A4582927427AA200ABAC56 /* Main.storyboard */,
				97A4582C27427AA300ABAC56 /* Assets.xcassets */,
				97A4582E27427AA300ABAC56 /* LaunchScreen.storyboard */,
				97A4583127427AA300ABAC56 /* Info.plist */,
			);
			path = videoPinchCrop;
			sourceTree = "<group>";
		};
		97A4583927427AA400ABAC56 /* videoPinchCropTests */ = {
			isa = PBXGroup;
			children = (
				97A4583A27427AA400ABAC56 /* videoPinchCropTests.swift */,
				97A4583C27427AA400ABAC56 /* Info.plist */,
			);
			path = videoPinchCropTests;
			sourceTree = "<group>";
		};
		97A4584427427AA400ABAC56 /* videoPinchCropUITests */ = {
			isa = PBXGroup;
			children = (
				97A4584527427AA400ABAC56 /* videoPinchCropUITests.swift */,
				97A4584727427AA400ABAC56 /* Info.plist */,
			);
			path = videoPinchCropUITests;
			sourceTree = "<group>";
		};
		97A45853274292F600ABAC56 /* Custom Pangesture */ = {
			isa = PBXGroup;
			children = (
				97DCD3DC2743AE8E00EE426F /* Cropper */,
				97A458562742A86000ABAC56 /* cropIMG.swift */,
				97DCD3E32743AEE400EE426F /* assetSelect.swift */,
			);
			path = "Custom Pangesture";
			sourceTree = "<group>";
		};
		97DCD3DC2743AE8E00EE426F /* Cropper */ = {
			isa = PBXGroup;
			children = (
				97DCD3DD2743AE8E00EE426F /* CropMaskView.swift */,
				97DCD3DE2743AE8E00EE426F /* VideoCropView.swift */,
				97DCD3DF2743AE8E00EE426F /* VideoScrollView.swift */,
			);
			path = Cropper;
			sourceTree = "<group>";
		};
/* End PBXGroup section */

/* Begin PBXNativeTarget section */
		97A4581F27427AA200ABAC56 /* videoPinchCrop */ = {
			isa = PBXNativeTarget;
			buildConfigurationList = 97A4584A27427AA400ABAC56 /* Build configuration list for PBXNativeTarget "videoPinchCrop" */;
			buildPhases = (
				97A4581C27427AA200ABAC56 /* Sources */,
				97A4581D27427AA200ABAC56 /* Frameworks */,
				97A4581E27427AA200ABAC56 /* Resources */,
			);
			buildRules = (
			);
			dependencies = (
			);
			name = videoPinchCrop;
			productName = videoPinchCrop;
			productReference = 97A4582027427AA200ABAC56 /* videoPinchCrop.app */;
			productType = "com.apple.product-type.application";
		};
		97A4583527427AA400ABAC56 /* videoPinchCropTests */ = {
			isa = PBXNativeTarget;
			buildConfigurationList = 97A4584D27427AA400ABAC56 /* Build configuration list for PBXNativeTarget "videoPinchCropTests" */;
			buildPhases = (
				97A4583227427AA400ABAC56 /* Sources */,
				97A4583327427AA400ABAC56 /* Frameworks */,
				97A4583427427AA400ABAC56 /* Resources */,
			);
			buildRules = (
			);
			dependencies = (
				97A4583827427AA400ABAC56 /* PBXTargetDependency */,
			);
			name = videoPinchCropTests;
			productName = videoPinchCropTests;
			productReference = 97A4583627427AA400ABAC56 /* videoPinchCropTests.xctest */;
			productType = "com.apple.product-type.bundle.unit-test";
		};
		97A4584027427AA400ABAC56 /* videoPinchCropUITests */ = {
			isa = PBXNativeTarget;
			buildConfigurationList = 97A4585027427AA400ABAC56 /* Build configuration list for PBXNativeTarget "videoPinchCropUITests" */;
			buildPhases = (
				97A4583D27427AA400ABAC56 /* Sources */,
				97A4583E27427AA400ABAC56 /* Frameworks */,
				97A4583F27427AA400ABAC56 /* Resources */,
			);
			buildRules = (
			);
			dependencies = (
				97A4584327427AA400ABAC56 /* PBXTargetDependency */,
			);
			name = videoPinchCropUITests;
			productName = videoPinchCropUITests;
			productReference = 97A4584127427AA400ABAC56 /* videoPinchCropUITests.xctest */;
			productType = "com.apple.product-type.bundle.ui-testing";
		};
/* End PBXNativeTarget section */

/* Begin PBXProject section */
		97A4581827427AA200ABAC56 /* Project object */ = {
			isa = PBXProject;
			attributes = {
				LastSwiftUpdateCheck = 1250;
				LastUpgradeCheck = 1250;
				TargetAttributes = {
					97A4581F27427AA200ABAC56 = {
						CreatedOnToolsVersion = 12.5.1;
					};
					97A4583527427AA400ABAC56 = {
						CreatedOnToolsVersion = 12.5.1;
						TestTargetID = 97A4581F27427AA200ABAC56;
					};
					97A4584027427AA400ABAC56 = {
						CreatedOnToolsVersion = 12.5.1;
						TestTargetID = 97A4581F27427AA200ABAC56;
					};
				};
			};
			buildConfigurationList = 97A4581B27427AA200ABAC56 /* Build configuration list for PBXProject "videoPinchCrop" */;
			compatibilityVersion = "Xcode 9.3";
			developmentRegion = en;
			hasScannedForEncodings = 0;
			knownRegions = (
				en,
				Base,
			);
			mainGroup = 97A4581727427AA200ABAC56;
			productRefGroup = 97A4582127427AA200ABAC56 /* Products */;
			projectDirPath = "";
			projectRoot = "";
			targets = (
				97A4581F27427AA200ABAC56 /* videoPinchCrop */,
				97A4583527427AA400ABAC56 /* videoPinchCropTests */,
				97A4584027427AA400ABAC56 /* videoPinchCropUITests */,
			);
		};
/* End PBXProject section */

/* Begin PBXResourcesBuildPhase section */
		97A4581E27427AA200ABAC56 /* Resources */ = {
			isa = PBXResourcesBuildPhase;
			buildActionMask = 2147483647;
			files = (
				97A4583027427AA300ABAC56 /* LaunchScreen.storyboard in Resources */,
				97A4582D27427AA300ABAC56 /* Assets.xcassets in Resources */,
				97A4582B27427AA200ABAC56 /* Main.storyboard in Resources */,
			);
			runOnlyForDeploymentPostprocessing = 0;
		};
		97A4583427427AA400ABAC56 /* Resources */ = {
			isa = PBXResourcesBuildPhase;
			buildActionMask = 2147483647;
			files = (
			);
			runOnlyForDeploymentPostprocessing = 0;
		};
		97A4583F27427AA400ABAC56 /* Resources */ = {
			isa = PBXResourcesBuildPhase;
			buildActionMask = 2147483647;
			files = (
			);
			runOnlyForDeploymentPostprocessing = 0;
		};
/* End PBXResourcesBuildPhase section */

/* Begin PBXSourcesBuildPhase section */
		97A4581C27427AA200ABAC56 /* Sources */ = {
			isa = PBXSourcesBuildPhase;
			buildActionMask = 2147483647;
			files = (
				97DCD3E22743AE8E00EE426F /* VideoScrollView.swift in Sources */,
				97A4582827427AA200ABAC56 /* ViewController.swift in Sources */,
				97A458572742A86000ABAC56 /* cropIMG.swift in Sources */,
				97A4582427427AA200ABAC56 /* AppDelegate.swift in Sources */,
				97DCD3E42743AEE400EE426F /* assetSelect.swift in Sources */,
				97DCD3E02743AE8E00EE426F /* CropMaskView.swift in Sources */,
				97DCD3E12743AE8E00EE426F /* VideoCropView.swift in Sources */,
				97A4582627427AA200ABAC56 /* SceneDelegate.swift in Sources */,
			);
			runOnlyForDeploymentPostprocessing = 0;
		};
		97A4583227427AA400ABAC56 /* Sources */ = {
			isa = PBXSourcesBuildPhase;
			buildActionMask = 2147483647;
			files = (
				97A4583B27427AA400ABAC56 /* videoPinchCropTests.swift in Sources */,
			);
			runOnlyForDeploymentPostprocessing = 0;
		};
		97A4583D27427AA400ABAC56 /* Sources */ = {
			isa = PBXSourcesBuildPhase;
			buildActionMask = 2147483647;
			files = (
				97A4584627427AA400ABAC56 /* videoPinchCropUITests.swift in Sources */,
			);
			runOnlyForDeploymentPostprocessing = 0;
		};
/* End PBXSourcesBuildPhase section */

/* Begin PBXTargetDependency section */
		97A4583827427AA400ABAC56 /* PBXTargetDependency */ = {
			isa = PBXTargetDependency;
			target = 97A4581F27427AA200ABAC56 /* videoPinchCrop */;
			targetProxy = 97A4583727427AA400ABAC56 /* PBXContainerItemProxy */;
		};
		97A4584327427AA400ABAC56 /* PBXTargetDependency */ = {
			isa = PBXTargetDependency;
			target = 97A4581F27427AA200ABAC56 /* videoPinchCrop */;
			targetProxy = 97A4584227427AA400ABAC56 /* PBXContainerItemProxy */;
		};
/* End PBXTargetDependency section */

/* Begin PBXVariantGroup section */
		97A4582927427AA200ABAC56 /* Main.storyboard */ = {
			isa = PBXVariantGroup;
			children = (
				97A4582A27427AA200ABAC56 /* Base */,
			);
			name = Main.storyboard;
			sourceTree = "<group>";
		};
		97A4582E27427AA300ABAC56 /* LaunchScreen.storyboard */ = {
			isa = PBXVariantGroup;
			children = (
				97A4582F27427AA300ABAC56 /* Base */,
			);
			name = LaunchScreen.storyboard;
			sourceTree = "<group>";
		};
/* End PBXVariantGroup section */

/* Begin XCBuildConfiguration section */
		97A4584827427AA400ABAC56 /* Debug */ = {
			isa = XCBuildConfiguration;
			buildSettings = {
				ALWAYS_SEARCH_USER_PATHS = NO;
				CLANG_ANALYZER_NONNULL = YES;
				CLANG_ANALYZER_NUMBER_OBJECT_CONVERSION = YES_AGGRESSIVE;
				CLANG_CXX_LANGUAGE_STANDARD = "gnu++14";
				CLANG_CXX_LIBRARY = "libc++";
				CLANG_ENABLE_MODULES = YES;
				CLANG_ENABLE_OBJC_ARC = YES;
				CLANG_ENABLE_OBJC_WEAK = YES;
				CLANG_WARN_BLOCK_CAPTURE_AUTORELEASING = YES;
				CLANG_WARN_BOOL_CONVERSION = YES;
				CLANG_WARN_COMMA = YES;
				CLANG_WARN_CONSTANT_CONVERSION = YES;
				CLANG_WARN_DEPRECATED_OBJC_IMPLEMENTATIONS = YES;
				CLANG_WARN_DIRECT_OBJC_ISA_USAGE = YES_ERROR;
				CLANG_WARN_DOCUMENTATION_COMMENTS = YES;
				CLANG_WARN_EMPTY_BODY = YES;
				CLANG_WARN_ENUM_CONVERSION = YES;
				CLANG_WARN_INFINITE_RECURSION = YES;
				CLANG_WARN_INT_CONVERSION = YES;
				CLANG_WARN_NON_LITERAL_NULL_CONVERSION = YES;
				CLANG_WARN_OBJC_IMPLICIT_RETAIN_SELF = YES;
				CLANG_WARN_OBJC_LITERAL_CONVERSION = YES;
				CLANG_WARN_OBJC_ROOT_CLASS = YES_ERROR;
				CLANG_WARN_QUOTED_INCLUDE_IN_FRAMEWORK_HEADER = YES;
				CLANG_WARN_RANGE_LOOP_ANALYSIS = YES;
				CLANG_WARN_STRICT_PROTOTYPES = YES;
				CLANG_WARN_SUSPICIOUS_MOVE = YES;
				CLANG_WARN_UNGUARDED_AVAILABILITY = YES_AGGRESSIVE;
				CLANG_WARN_UNREACHABLE_CODE = YES;
				CLANG_WARN__DUPLICATE_METHOD_MATCH = YES;
				COPY_PHASE_STRIP = NO;
				DEBUG_INFORMATION_FORMAT = dwarf;
				ENABLE_STRICT_OBJC_MSGSEND = YES;
				ENABLE_TESTABILITY = YES;
				GCC_C_LANGUAGE_STANDARD = gnu11;
				GCC_DYNAMIC_NO_PIC = NO;
				GCC_NO_COMMON_BLOCKS = YES;
				GCC_OPTIMIZATION_LEVEL = 0;
				GCC_PREPROCESSOR_DEFINITIONS = (
					"DEBUG=1",
					"$(inherited)",
				);
				GCC_WARN_64_TO_32_BIT_CONVERSION = YES;
				GCC_WARN_ABOUT_RETURN_TYPE = YES_ERROR;
				GCC_WARN_UNDECLARED_SELECTOR = YES;
				GCC_WARN_UNINITIALIZED_AUTOS = YES_AGGRESSIVE;
				GCC_WARN_UNUSED_FUNCTION = YES;
				GCC_WARN_UNUSED_VARIABLE = YES;
				IPHONEOS_DEPLOYMENT_TARGET = 14.5;
				MTL_ENABLE_DEBUG_INFO = INCLUDE_SOURCE;
				MTL_FAST_MATH = YES;
				ONLY_ACTIVE_ARCH = YES;
				SDKROOT = iphoneos;
				SWIFT_ACTIVE_COMPILATION_CONDITIONS = DEBUG;
				SWIFT_OPTIMIZATION_LEVEL = "-Onone";
			};
			name = Debug;
		};
		97A4584927427AA400ABAC56 /* Release */ = {
			isa = XCBuildConfiguration;
			buildSettings = {
				ALWAYS_SEARCH_USER_PATHS = NO;
				CLANG_ANALYZER_NONNULL = YES;
				CLANG_ANALYZER_NUMBER_OBJECT_CONVERSION = YES_AGGRESSIVE;
				CLANG_CXX_LANGUAGE_STANDARD = "gnu++14";
				CLANG_CXX_LIBRARY = "libc++";
				CLANG_ENABLE_MODULES = YES;
				CLANG_ENABLE_OBJC_ARC = YES;
				CLANG_ENABLE_OBJC_WEAK = YES;
				CLANG_WARN_BLOCK_CAPTURE_AUTORELEASING = YES;
				CLANG_WARN_BOOL_CONVERSION = YES;
				CLANG_WARN_COMMA = YES;
				CLANG_WARN_CONSTANT_CONVERSION = YES;
				CLANG_WARN_DEPRECATED_OBJC_IMPLEMENTATIONS = YES;
				CLANG_WARN_DIRECT_OBJC_ISA_USAGE = YES_ERROR;
				CLANG_WARN_DOCUMENTATION_COMMENTS = YES;
				CLANG_WARN_EMPTY_BODY = YES;
				CLANG_WARN_ENUM_CONVERSION = YES;
				CLANG_WARN_INFINITE_RECURSION = YES;
				CLANG_WARN_INT_CONVERSION = YES;
				CLANG_WARN_NON_LITERAL_NULL_CONVERSION = YES;
				CLANG_WARN_OBJC_IMPLICIT_RETAIN_SELF = YES;
				CLANG_WARN_OBJC_LITERAL_CONVERSION = YES;
				CLANG_WARN_OBJC_ROOT_CLASS = YES_ERROR;
				CLANG_WARN_QUOTED_INCLUDE_IN_FRAMEWORK_HEADER = YES;
				CLANG_WARN_RANGE_LOOP_ANALYSIS = YES;
				CLANG_WARN_STRICT_PROTOTYPES = YES;
				CLANG_WARN_SUSPICIOUS_MOVE = YES;
				CLANG_WARN_UNGUARDED_AVAILABILITY = YES_AGGRESSIVE;
				CLANG_WARN_UNREACHABLE_CODE = YES;
				CLANG_WARN__DUPLICATE_METHOD_MATCH = YES;
				COPY_PHASE_STRIP = NO;
				DEBUG_INFORMATION_FORMAT = "dwarf-with-dsym";
				ENABLE_NS_ASSERTIONS = NO;
				ENABLE_STRICT_OBJC_MSGSEND = YES;
				GCC_C_LANGUAGE_STANDARD = gnu11;
				GCC_NO_COMMON_BLOCKS = YES;
				GCC_WARN_64_TO_32_BIT_CONVERSION = YES;
				GCC_WARN_ABOUT_RETURN_TYPE = YES_ERROR;
				GCC_WARN_UNDECLARED_SELECTOR = YES;
				GCC_WARN_UNINITIALIZED_AUTOS = YES_AGGRESSIVE;
				GCC_WARN_UNUSED_FUNCTION = YES;
				GCC_WARN_UNUSED_VARIABLE = YES;
				IPHONEOS_DEPLOYMENT_TARGET = 14.5;
				MTL_ENABLE_DEBUG_INFO = NO;
				MTL_FAST_MATH = YES;
				SDKROOT = iphoneos;
				SWIFT_COMPILATION_MODE = wholemodule;
				SWIFT_OPTIMIZATION_LEVEL = "-O";
				VALIDATE_PRODUCT = YES;
			};
			name = Release;
		};
		97A4584B27427AA400ABAC56 /* Debug */ = {
			isa = XCBuildConfiguration;
			buildSettings = {
				ASSETCATALOG_COMPILER_APPICON_NAME = AppIcon;
				ASSETCATALOG_COMPILER_GLOBAL_ACCENT_COLOR_NAME = AccentColor;
				CODE_SIGN_STYLE = Automatic;
				DEVELOPMENT_TEAM = C7YCNFEM6Z;
				INFOPLIST_FILE = videoPinchCrop/Info.plist;
				LD_RUNPATH_SEARCH_PATHS = (
					"$(inherited)",
					"@executable_path/Frameworks",
				);
				PRODUCT_BUNDLE_IDENTIFIER = com.testApp.abc;
				PRODUCT_NAME = "$(TARGET_NAME)";
				SWIFT_VERSION = 5.0;
				TARGETED_DEVICE_FAMILY = "1,2";
			};
			name = Debug;
		};
		97A4584C27427AA400ABAC56 /* Release */ = {
			isa = XCBuildConfiguration;
			buildSettings = {
				ASSETCATALOG_COMPILER_APPICON_NAME = AppIcon;
				ASSETCATALOG_COMPILER_GLOBAL_ACCENT_COLOR_NAME = AccentColor;
				CODE_SIGN_STYLE = Automatic;
				DEVELOPMENT_TEAM = C7YCNFEM6Z;
				INFOPLIST_FILE = videoPinchCrop/Info.plist;
				LD_RUNPATH_SEARCH_PATHS = (
					"$(inherited)",
					"@executable_path/Frameworks",
				);
				PRODUCT_BUNDLE_IDENTIFIER = com.testApp.abc;
				PRODUCT_NAME = "$(TARGET_NAME)";
				SWIFT_VERSION = 5.0;
				TARGETED_DEVICE_FAMILY = "1,2";
			};
			name = Release;
		};
		97A4584E27427AA400ABAC56 /* Debug */ = {
			isa = XCBuildConfiguration;
			buildSettings = {
				ALWAYS_EMBED_SWIFT_STANDARD_LIBRARIES = YES;
				BUNDLE_LOADER = "$(TEST_HOST)";
				CODE_SIGN_STYLE = Automatic;
				INFOPLIST_FILE = videoPinchCropTests/Info.plist;
				IPHONEOS_DEPLOYMENT_TARGET = 14.5;
				LD_RUNPATH_SEARCH_PATHS = (
					"$(inherited)",
					"@executable_path/Frameworks",
					"@loader_path/Frameworks",
				);
				PRODUCT_BUNDLE_IDENTIFIER = "Junaid-Kamoka.videoPinchCropTests";
				PRODUCT_NAME = "$(TARGET_NAME)";
				SWIFT_VERSION = 5.0;
				TARGETED_DEVICE_FAMILY = "1,2";
				TEST_HOST = "$(BUILT_PRODUCTS_DIR)/videoPinchCrop.app/videoPinchCrop";
			};
			name = Debug;
		};
		97A4584F27427AA400ABAC56 /* Release */ = {
			isa = XCBuildConfiguration;
			buildSettings = {
				ALWAYS_EMBED_SWIFT_STANDARD_LIBRARIES = YES;
				BUNDLE_LOADER = "$(TEST_HOST)";
				CODE_SIGN_STYLE = Automatic;
				INFOPLIST_FILE = videoPinchCropTests/Info.plist;
				IPHONEOS_DEPLOYMENT_TARGET = 14.5;
				LD_RUNPATH_SEARCH_PATHS = (
					"$(inherited)",
					"@executable_path/Frameworks",
					"@loader_path/Frameworks",
				);
				PRODUCT_BUNDLE_IDENTIFIER = "Junaid-Kamoka.videoPinchCropTests";
				PRODUCT_NAME = "$(TARGET_NAME)";
				SWIFT_VERSION = 5.0;
				TARGETED_DEVICE_FAMILY = "1,2";
				TEST_HOST = "$(BUILT_PRODUCTS_DIR)/videoPinchCrop.app/videoPinchCrop";
			};
			name = Release;
		};
		97A4585127427AA400ABAC56 /* Debug */ = {
			isa = XCBuildConfiguration;
			buildSettings = {
				ALWAYS_EMBED_SWIFT_STANDARD_LIBRARIES = YES;
				CODE_SIGN_STYLE = Automatic;
				INFOPLIST_FILE = videoPinchCropUITests/Info.plist;
				LD_RUNPATH_SEARCH_PATHS = (
					"$(inherited)",
					"@executable_path/Frameworks",
					"@loader_path/Frameworks",
				);
				PRODUCT_BUNDLE_IDENTIFIER = "Junaid-Kamoka.videoPinchCropUITests";
				PRODUCT_NAME = "$(TARGET_NAME)";
				SWIFT_VERSION = 5.0;
				TARGETED_DEVICE_FAMILY = "1,2";
				TEST_TARGET_NAME = videoPinchCrop;
			};
			name = Debug;
		};
		97A4585227427AA400ABAC56 /* Release */ = {
			isa = XCBuildConfiguration;
			buildSettings = {
				ALWAYS_EMBED_SWIFT_STANDARD_LIBRARIES = YES;
				CODE_SIGN_STYLE = Automatic;
				INFOPLIST_FILE = videoPinchCropUITests/Info.plist;
				LD_RUNPATH_SEARCH_PATHS = (
					"$(inherited)",
					"@executable_path/Frameworks",
					"@loader_path/Frameworks",
				);
				PRODUCT_BUNDLE_IDENTIFIER = "Junaid-Kamoka.videoPinchCropUITests";
				PRODUCT_NAME = "$(TARGET_NAME)";
				SWIFT_VERSION = 5.0;
				TARGETED_DEVICE_FAMILY = "1,2";
				TEST_TARGET_NAME = videoPinchCrop;
			};
			name = Release;
		};
/* End XCBuildConfiguration section */

/* Begin XCConfigurationList section */
		97A4581B27427AA200ABAC56 /* Build configuration list for PBXProject "videoPinchCrop" */ = {
			isa = XCConfigurationList;
			buildConfigurations = (
				97A4584827427AA400ABAC56 /* Debug */,
				97A4584927427AA400ABAC56 /* Release */,
			);
			defaultConfigurationIsVisible = 0;
			defaultConfigurationName = Release;
		};
		97A4584A27427AA400ABAC56 /* Build configuration list for PBXNativeTarget "videoPinchCrop" */ = {
			isa = XCConfigurationList;
			buildConfigurations = (
				97A4584B27427AA400ABAC56 /* Debug */,
				97A4584C27427AA400ABAC56 /* Release */,
			);
			defaultConfigurationIsVisible = 0;
			defaultConfigurationName = Release;
		};
		97A4584D27427AA400ABAC56 /* Build configuration list for PBXNativeTarget "videoPinchCropTests" */ = {
			isa = XCConfigurationList;
			buildConfigurations = (
				97A4584E27427AA400ABAC56 /* Debug */,
				97A4584F27427AA400ABAC56 /* Release */,
			);
			defaultConfigurationIsVisible = 0;
			defaultConfigurationName = Release;
		};
		97A4585027427AA400ABAC56 /* Build configuration list for PBXNativeTarget "videoPinchCropUITests" */ = {
			isa = XCConfigurationList;
			buildConfigurations = (
				97A4585127427AA400ABAC56 /* Debug */,
				97A4585227427AA400ABAC56 /* Release */,
			);
			defaultConfigurationIsVisible = 0;
			defaultConfigurationName = Release;
		};
/* End XCConfigurationList section */
	};
	rootObject = 97A4581827427AA200ABAC56 /* Project object */;
}
